
Microsoft Visual Studio Solution File, Format Version 12.00
# Visual Studio 14
VisualStudioVersion = 14.0.25420.1
MinimumVisualStudioVersion = 10.0.40219.1
Project("{FAE04EC0-301F-11D3-BF4B-00C04F79EFBC}") = "SistemaGuincho", "SistemaGuincho.csproj", "{DE307999-0D2D-47BF-8C11-3FC0E299754D}"
EndProject
Project("{FAE04EC0-301F-11D3-BF4B-00C04F79EFBC}") = "SistemaGuincho.DAL", "..\SistemaGuincho.DAL\SistemaGuincho.DAL.csproj", "{B0A6C7D5-A335-4EE5-BEFE-F8B168E93281}"
EndProject
Global
	GlobalSection(SolutionConfigurationPlatforms) = preSolution
		Debug|Any CPU = Debug|Any CPU
		Release|Any CPU = Release|Any CPU
	EndGlobalSection
	GlobalSection(ProjectConfigurationPlatforms) = postSolution
		{DE307999-0D2D-47BF-8C11-3FC0E299754D}.Debug|Any CPU.ActiveCfg = Debug|Any CPU
		{DE307999-0D2D-47BF-8C11-3FC0E299754D}.Debug|Any CPU.Build.0 = Debug|Any CPU
		{DE307999-0D2D-47BF-8C11-3FC0E299754D}.Release|Any CPU.ActiveCfg = Release|Any CPU
		{DE307999-0D2D-47BF-8C11-3FC0E299754D}.Release|Any CPU.Build.0 = Release|Any CPU
		{B0A6C7D5-A335-4EE5-BEFE-F8B168E93281}.Debug|Any CPU.ActiveCfg = Debug|Any CPU
		{B0A6C7D5-A335-4EE5-BEFE-F8B168E93281}.Debug|Any CPU.Build.0 = Debug|Any CPU
		{B0A6C7D5-A335-4EE5-BEFE-F8B168E93281}.Release|Any CPU.ActiveCfg = Release|Any CPU
		{B0A6C7D5-A335-4EE5-BEFE-F8B168E93281}.Release|Any CPU.Build.0 = Release|Any CPU
	EndGlobalSection
	GlobalSection(SolutionProperties) = preSolution
		HideSolutionNode = FALSE
	EndGlobalSection
EndGlobal
